// !$*UTF8*$!
{
	archiveVersion = 1;
	classes = {
	};
	objectVersion = 77;
	objects = {

/* Begin PBXBuildFile section */
		F4782C5B2E77938C00B46E54 /* HomepageShellView.swift in Sources */ = {isa = PBXBuildFile; fileRef = F4782C5A2E77938C00B46E54 /* HomepageShellView.swift */; };
		F4782C5D2E77943400B46E54 /* FooterMenuView.swift in Sources */ = {isa = PBXBuildFile; fileRef = F4782C5C2E77943400B46E54 /* FooterMenuView.swift */; };
		F49871732E76A747004C920B /* HomepageTemplateView.swift in Sources */ = {isa = PBXBuildFile; fileRef = F49871722E76A747004C920B /* HomepageTemplateView.swift */; };
		F49871772E76AADA004C920B /* HeaderView.swift in Sources */ = {isa = PBXBuildFile; fileRef = F49871762E76AADA004C920B /* HeaderView.swift */; };
		F49871792E76AB41004C920B /* FooterTabView.swift in Sources */ = {isa = PBXBuildFile; fileRef = F49871782E76AB41004C920B /* FooterTabView.swift */; };
		F498717B2E76ACA5004C920B /* FeaturedContentView.swift in Sources */ = {isa = PBXBuildFile; fileRef = F498717A2E76ACA5004C920B /* FeaturedContentView.swift */; };
		F498717D2E76ACC1004C920B /* LatestContentView.swift in Sources */ = {isa = PBXBuildFile; fileRef = F498717C2E76ACC1004C920B /* LatestContentView.swift */; };
		F498717F2E76ACDC004C920B /* VideoContentView.swift in Sources */ = {isa = PBXBuildFile; fileRef = F498717E2E76ACDC004C920B /* VideoContentView.swift */; };
		F49871812E76ADB3004C920B /* HomeTabView.swift in Sources */ = {isa = PBXBuildFile; fileRef = F49871802E76ADB3004C920B /* HomeTabView.swift */; };
		F49871832E76ADC6004C920B /* TicketsTabView.swift in Sources */ = {isa = PBXBuildFile; fileRef = F49871822E76ADC6004C920B /* TicketsTabView.swift */; };
		F49871852E76ADD5004C920B /* ScheduleTabView.swift in Sources */ = {isa = PBXBuildFile; fileRef = F49871842E76ADD5004C920B /* ScheduleTabView.swift */; };
		F49871872E76ADE2004C920B /* TeamTabView.swift in Sources */ = {isa = PBXBuildFile; fileRef = F49871862E76ADE2004C920B /* TeamTabView.swift */; };
		F49871892E76ADF5004C920B /* MoreTabView.swift in Sources */ = {isa = PBXBuildFile; fileRef = F49871882E76ADF5004C920B /* MoreTabView.swift */; };
		F498718B2E76AF7E004C920B /* MainTabView.swift in Sources */ = {isa = PBXBuildFile; fileRef = F498718A2E76AF7E004C920B /* MainTabView.swift */; };
/* End PBXBuildFile section */

/* Begin PBXContainerItemProxy section */
		F49871552E7635F5004C920B /* PBXContainerItemProxy */ = {
			isa = PBXContainerItemProxy;
			containerPortal = F498713C2E7635F2004C920B /* Project object */;
			proxyType = 1;
			remoteGlobalIDString = F49871432E7635F2004C920B;
			remoteInfo = SBLakersClone01;
		};
		F498715F2E7635F5004C920B /* PBXContainerItemProxy */ = {
			isa = PBXContainerItemProxy;
			containerPortal = F498713C2E7635F2004C920B /* Project object */;
			proxyType = 1;
			remoteGlobalIDString = F49871432E7635F2004C920B;
			remoteInfo = SBLakersClone01;
		};
/* End PBXContainerItemProxy section */

/* Begin PBXFileReference section */
		F4782C5A2E77938C00B46E54 /* HomepageShellView.swift */ = {isa = PBXFileReference; lastKnownFileType = sourcecode.swift; path = HomepageShellView.swift; sourceTree = "<group>"; };
		F4782C5C2E77943400B46E54 /* FooterMenuView.swift */ = {isa = PBXFileReference; lastKnownFileType = sourcecode.swift; path = FooterMenuView.swift; sourceTree = "<group>"; };
		F49871442E7635F2004C920B /* SBLakersClone01.app */ = {isa = PBXFileReference; explicitFileType = wrapper.application; includeInIndex = 0; path = SBLakersClone01.app; sourceTree = BUILT_PRODUCTS_DIR; };
		F49871542E7635F5004C920B /* SBLakersClone01Tests.xctest */ = {isa = PBXFileReference; explicitFileType = wrapper.cfbundle; includeInIndex = 0; path = SBLakersClone01Tests.xctest; sourceTree = BUILT_PRODUCTS_DIR; };
		F498715E2E7635F5004C920B /* SBLakersClone01UITests.xctest */ = {isa = PBXFileReference; explicitFileType = wrapper.cfbundle; includeInIndex = 0; path = SBLakersClone01UITests.xctest; sourceTree = BUILT_PRODUCTS_DIR; };
		F49871722E76A747004C920B /* HomepageTemplateView.swift */ = {isa = PBXFileReference; lastKnownFileType = sourcecode.swift; path = HomepageTemplateView.swift; sourceTree = "<group>"; };
		F49871762E76AADA004C920B /* HeaderView.swift */ = {isa = PBXFileReference; lastKnownFileType = sourcecode.swift; path = HeaderView.swift; sourceTree = "<group>"; };
		F49871782E76AB41004C920B /* FooterTabView.swift */ = {isa = PBXFileReference; lastKnownFileType = sourcecode.swift; path = FooterTabView.swift; sourceTree = "<group>"; };
		F498717A2E76ACA5004C920B /* FeaturedContentView.swift */ = {isa = PBXFileReference; lastKnownFileType = sourcecode.swift; path = FeaturedContentView.swift; sourceTree = "<group>"; };
		F498717C2E76ACC1004C920B /* LatestContentView.swift */ = {isa = PBXFileReference; lastKnownFileType = sourcecode.swift; path = LatestContentView.swift; sourceTree = "<group>"; };
		F498717E2E76ACDC004C920B /* VideoContentView.swift */ = {isa = PBXFileReference; lastKnownFileType = sourcecode.swift; path = VideoContentView.swift; sourceTree = "<group>"; };
		F49871802E76ADB3004C920B /* HomeTabView.swift */ = {isa = PBXFileReference; lastKnownFileType = sourcecode.swift; path = HomeTabView.swift; sourceTree = "<group>"; };
		F49871822E76ADC6004C920B /* TicketsTabView.swift */ = {isa = PBXFileReference; lastKnownFileType = sourcecode.swift; path = TicketsTabView.swift; sourceTree = "<group>"; };
		F49871842E76ADD5004C920B /* ScheduleTabView.swift */ = {isa = PBXFileReference; lastKnownFileType = sourcecode.swift; path = ScheduleTabView.swift; sourceTree = "<group>"; };
		F49871862E76ADE2004C920B /* TeamTabView.swift */ = {isa = PBXFileReference; lastKnownFileType = sourcecode.swift; path = TeamTabView.swift; sourceTree = "<group>"; };
		F49871882E76ADF5004C920B /* MoreTabView.swift */ = {isa = PBXFileReference; lastKnownFileType = sourcecode.swift; path = MoreTabView.swift; sourceTree = "<group>"; };
		F498718A2E76AF7E004C920B /* MainTabView.swift */ = {isa = PBXFileReference; lastKnownFileType = sourcecode.swift; path = MainTabView.swift; sourceTree = "<group>"; };
/* End PBXFileReference section */

/* Begin PBXFileSystemSynchronizedRootGroup section */
		F49871462E7635F2004C920B /* SBLakersClone01 */ = {
			isa = PBXFileSystemSynchronizedRootGroup;
			path = SBLakersClone01;
			sourceTree = "<group>";
		};
		F49871572E7635F5004C920B /* SBLakersClone01Tests */ = {
			isa = PBXFileSystemSynchronizedRootGroup;
			path = SBLakersClone01Tests;
			sourceTree = "<group>";
		};
		F49871612E7635F5004C920B /* SBLakersClone01UITests */ = {
			isa = PBXFileSystemSynchronizedRootGroup;
			path = SBLakersClone01UITests;
			sourceTree = "<group>";
		};
/* End PBXFileSystemSynchronizedRootGroup section */

/* Begin PBXFrameworksBuildPhase section */
		F49871412E7635F2004C920B /* Frameworks */ = {
			isa = PBXFrameworksBuildPhase;
			buildActionMask = 2147483647;
			files = (
			);
			runOnlyForDeploymentPostprocessing = 0;
		};
		F49871512E7635F5004C920B /* Frameworks */ = {
			isa = PBXFrameworksBuildPhase;
			buildActionMask = 2147483647;
			files = (
			);
			runOnlyForDeploymentPostprocessing = 0;
		};
		F498715B2E7635F5004C920B /* Frameworks */ = {
			isa = PBXFrameworksBuildPhase;
			buildActionMask = 2147483647;
			files = (
			);
			runOnlyForDeploymentPostprocessing = 0;
		};
/* End PBXFrameworksBuildPhase section */

/* Begin PBXGroup section */
		F498713B2E7635F2004C920B = {
			isa = PBXGroup;
			children = (
				F49871712E76A68B004C920B /* Views */,
				F49871462E7635F2004C920B /* SBLakersClone01 */,
				F49871572E7635F5004C920B /* SBLakersClone01Tests */,
				F49871612E7635F5004C920B /* SBLakersClone01UITests */,
				F49871452E7635F2004C920B /* Products */,
			);
			sourceTree = "<group>";
		};
		F49871452E7635F2004C920B /* Products */ = {
			isa = PBXGroup;
			children = (
				F49871442E7635F2004C920B /* SBLakersClone01.app */,
				F49871542E7635F5004C920B /* SBLakersClone01Tests.xctest */,
				F498715E2E7635F5004C920B /* SBLakersClone01UITests.xctest */,
			);
			name = Products;
			sourceTree = "<group>";
		};
		F49871712E76A68B004C920B /* Views */ = {
			isa = PBXGroup;
			children = (
				F49871752E76AA7E004C920B /* Shared */,
				F49871742E76AA5E004C920B /* Homepage */,
			);
			path = Views;
			sourceTree = "<group>";
		};
		F49871742E76AA5E004C920B /* Homepage */ = {
			isa = PBXGroup;
			children = (
				F4782C5A2E77938C00B46E54 /* HomepageShellView.swift */,
				F498718A2E76AF7E004C920B /* MainTabView.swift */,
				F49871882E76ADF5004C920B /* MoreTabView.swift */,
				F49871862E76ADE2004C920B /* TeamTabView.swift */,
				F49871842E76ADD5004C920B /* ScheduleTabView.swift */,
				F49871822E76ADC6004C920B /* TicketsTabView.swift */,
				F49871802E76ADB3004C920B /* HomeTabView.swift */,
				F498717E2E76ACDC004C920B /* VideoContentView.swift */,
				F498717C2E76ACC1004C920B /* LatestContentView.swift */,
				F498717A2E76ACA5004C920B /* FeaturedContentView.swift */,
				F49871722E76A747004C920B /* HomepageTemplateView.swift */,
			);
			path = Homepage;
			sourceTree = "<group>";
		};
		F49871752E76AA7E004C920B /* Shared */ = {
			isa = PBXGroup;
			children = (
				F4782C5C2E77943400B46E54 /* FooterMenuView.swift */,
				F49871782E76AB41004C920B /* FooterTabView.swift */,
				F49871762E76AADA004C920B /* HeaderView.swift */,
			);
			path = Shared;
			sourceTree = "<group>";
		};
/* End PBXGroup section */

/* Begin PBXNativeTarget section */
		F49871432E7635F2004C920B /* SBLakersClone01 */ = {
			isa = PBXNativeTarget;
			buildConfigurationList = F49871682E7635F5004C920B /* Build configuration list for PBXNativeTarget "SBLakersClone01" */;
			buildPhases = (
				F49871402E7635F2004C920B /* Sources */,
				F49871412E7635F2004C920B /* Frameworks */,
				F49871422E7635F2004C920B /* Resources */,
			);
			buildRules = (
			);
			dependencies = (
			);
			fileSystemSynchronizedGroups = (
				F49871462E7635F2004C920B /* SBLakersClone01 */,
			);
			name = SBLakersClone01;
			packageProductDependencies = (
			);
			productName = SBLakersClone01;
			productReference = F49871442E7635F2004C920B /* SBLakersClone01.app */;
			productType = "com.apple.product-type.application";
		};
		F49871532E7635F5004C920B /* SBLakersClone01Tests */ = {
			isa = PBXNativeTarget;
			buildConfigurationList = F498716B2E7635F5004C920B /* Build configuration list for PBXNativeTarget "SBLakersClone01Tests" */;
			buildPhases = (
				F49871502E7635F5004C920B /* Sources */,
				F49871512E7635F5004C920B /* Frameworks */,
				F49871522E7635F5004C920B /* Resources */,
			);
			buildRules = (
			);
			dependencies = (
				F49871562E7635F5004C920B /* PBXTargetDependency */,
			);
			fileSystemSynchronizedGroups = (
				F49871572E7635F5004C920B /* SBLakersClone01Tests */,
			);
			name = SBLakersClone01Tests;
			packageProductDependencies = (
			);
			productName = SBLakersClone01Tests;
			productReference = F49871542E7635F5004C920B /* SBLakersClone01Tests.xctest */;
			productType = "com.apple.product-type.bundle.unit-test";
		};
		F498715D2E7635F5004C920B /* SBLakersClone01UITests */ = {
			isa = PBXNativeTarget;
			buildConfigurationList = F498716E2E7635F5004C920B /* Build configuration list for PBXNativeTarget "SBLakersClone01UITests" */;
			buildPhases = (
				F498715A2E7635F5004C920B /* Sources */,
				F498715B2E7635F5004C920B /* Frameworks */,
				F498715C2E7635F5004C920B /* Resources */,
			);
			buildRules = (
			);
			dependencies = (
				F49871602E7635F5004C920B /* PBXTargetDependency */,
			);
			fileSystemSynchronizedGroups = (
				F49871612E7635F5004C920B /* SBLakersClone01UITests */,
			);
			name = SBLakersClone01UITests;
			packageProductDependencies = (
			);
			productName = SBLakersClone01UITests;
			productReference = F498715E2E7635F5004C920B /* SBLakersClone01UITests.xctest */;
			productType = "com.apple.product-type.bundle.ui-testing";
		};
/* End PBXNativeTarget section */

/* Begin PBXProject section */
		F498713C2E7635F2004C920B /* Project object */ = {
			isa = PBXProject;
			attributes = {
				BuildIndependentTargetsInParallel = 1;
				LastSwiftUpdateCheck = 1640;
				LastUpgradeCheck = 1640;
				TargetAttributes = {
					F49871432E7635F2004C920B = {
						CreatedOnToolsVersion = 16.4;
					};
					F49871532E7635F5004C920B = {
						CreatedOnToolsVersion = 16.4;
						TestTargetID = F49871432E7635F2004C920B;
					};
					F498715D2E7635F5004C920B = {
						CreatedOnToolsVersion = 16.4;
						TestTargetID = F49871432E7635F2004C920B;
					};
				};
			};
			buildConfigurationList = F498713F2E7635F2004C920B /* Build configuration list for PBXProject "SBLakersClone01" */;
			developmentRegion = en;
			hasScannedForEncodings = 0;
			knownRegions = (
				en,
				Base,
			);
			mainGroup = F498713B2E7635F2004C920B;
			minimizedProjectReferenceProxies = 1;
			preferredProjectObjectVersion = 77;
			productRefGroup = F49871452E7635F2004C920B /* Products */;
			projectDirPath = "";
			projectRoot = "";
			targets = (
				F49871432E7635F2004C920B /* SBLakersClone01 */,
				F49871532E7635F5004C920B /* SBLakersClone01Tests */,
				F498715D2E7635F5004C920B /* SBLakersClone01UITests */,
			);
		};
/* End PBXProject section */

/* Begin PBXResourcesBuildPhase section */
		F49871422E7635F2004C920B /* Resources */ = {
			isa = PBXResourcesBuildPhase;
			buildActionMask = 2147483647;
			files = (
			);
			runOnlyForDeploymentPostprocessing = 0;
		};
		F49871522E7635F5004C920B /* Resources */ = {
			isa = PBXResourcesBuildPhase;
			buildActionMask = 2147483647;
			files = (
			);
			runOnlyForDeploymentPostprocessing = 0;
		};
		F498715C2E7635F5004C920B /* Resources */ = {
			isa = PBXResourcesBuildPhase;
			buildActionMask = 2147483647;
			files = (
			);
			runOnlyForDeploymentPostprocessing = 0;
		};
/* End PBXResourcesBuildPhase section */

/* Begin PBXSourcesBuildPhase section */
		F49871402E7635F2004C920B /* Sources */ = {
			isa = PBXSourcesBuildPhase;
			buildActionMask = 2147483647;
			files = (
				F4782C5D2E77943400B46E54 /* FooterMenuView.swift in Sources */,
				F49871832E76ADC6004C920B /* TicketsTabView.swift in Sources */,
				F49871772E76AADA004C920B /* HeaderView.swift in Sources */,
				F498717F2E76ACDC004C920B /* VideoContentView.swift in Sources */,
				F49871792E76AB41004C920B /* FooterTabView.swift in Sources */,
				F49871732E76A747004C920B /* HomepageTemplateView.swift in Sources */,
				F498717D2E76ACC1004C920B /* LatestContentView.swift in Sources */,
				F49871812E76ADB3004C920B /* HomeTabView.swift in Sources */,
				F498717B2E76ACA5004C920B /* FeaturedContentView.swift in Sources */,
				F49871892E76ADF5004C920B /* MoreTabView.swift in Sources */,
				F49871872E76ADE2004C920B /* TeamTabView.swift in Sources */,
				F49871852E76ADD5004C920B /* ScheduleTabView.swift in Sources */,
				F4782C5B2E77938C00B46E54 /* HomepageShellView.swift in Sources */,
				F498718B2E76AF7E004C920B /* MainTabView.swift in Sources */,
			);
			runOnlyForDeploymentPostprocessing = 0;
		};
		F49871502E7635F5004C920B /* Sources */ = {
			isa = PBXSourcesBuildPhase;
			buildActionMask = 2147483647;
			files = (
			);
			runOnlyForDeploymentPostprocessing = 0;
		};
		F498715A2E7635F5004C920B /* Sources */ = {
			isa = PBXSourcesBuildPhase;
			buildActionMask = 2147483647;
			files = (
			);
			runOnlyForDeploymentPostprocessing = 0;
		};
/* End PBXSourcesBuildPhase section */

/* Begin PBXTargetDependency section */
		F49871562E7635F5004C920B /* PBXTargetDependency */ = {
			isa = PBXTargetDependency;
			target = F49871432E7635F2004C920B /* SBLakersClone01 */;
			targetProxy = F49871552E7635F5004C920B /* PBXContainerItemProxy */;
		};
		F49871602E7635F5004C920B /* PBXTargetDependency */ = {
			isa = PBXTargetDependency;
			target = F49871432E7635F2004C920B /* SBLakersClone01 */;
			targetProxy = F498715F2E7635F5004C920B /* PBXContainerItemProxy */;
		};
/* End PBXTargetDependency section */

/* Begin XCBuildConfiguration section */
		F49871662E7635F5004C920B /* Debug */ = {
			isa = XCBuildConfiguration;
			buildSettings = {
				ALWAYS_SEARCH_USER_PATHS = NO;
				ASSETCATALOG_COMPILER_GENERATE_SWIFT_ASSET_SYMBOL_EXTENSIONS = YES;
				CLANG_ANALYZER_NONNULL = YES;
				CLANG_ANALYZER_NUMBER_OBJECT_CONVERSION = YES_AGGRESSIVE;
				CLANG_CXX_LANGUAGE_STANDARD = "gnu++20";
				CLANG_ENABLE_MODULES = YES;
				CLANG_ENABLE_OBJC_ARC = YES;
				CLANG_ENABLE_OBJC_WEAK = YES;
				CLANG_WARN_BLOCK_CAPTURE_AUTORELEASING = YES;
				CLANG_WARN_BOOL_CONVERSION = YES;
				CLANG_WARN_COMMA = YES;
				CLANG_WARN_CONSTANT_CONVERSION = YES;
				CLANG_WARN_DEPRECATED_OBJC_IMPLEMENTATIONS = YES;
				CLANG_WARN_DIRECT_OBJC_ISA_USAGE = YES_ERROR;
				CLANG_WARN_DOCUMENTATION_COMMENTS = YES;
				CLANG_WARN_EMPTY_BODY = YES;
				CLANG_WARN_ENUM_CONVERSION = YES;
				CLANG_WARN_INFINITE_RECURSION = YES;
				CLANG_WARN_INT_CONVERSION = YES;
				CLANG_WARN_NON_LITERAL_NULL_CONVERSION = YES;
				CLANG_WARN_OBJC_IMPLICIT_RETAIN_SELF = YES;
				CLANG_WARN_OBJC_LITERAL_CONVERSION = YES;
				CLANG_WARN_OBJC_ROOT_CLASS = YES_ERROR;
				CLANG_WARN_QUOTED_INCLUDE_IN_FRAMEWORK_HEADER = YES;
				CLANG_WARN_RANGE_LOOP_ANALYSIS = YES;
				CLANG_WARN_STRICT_PROTOTYPES = YES;
				CLANG_WARN_SUSPICIOUS_MOVE = YES;
				CLANG_WARN_UNGUARDED_AVAILABILITY = YES_AGGRESSIVE;
				CLANG_WARN_UNREACHABLE_CODE = YES;
				CLANG_WARN__DUPLICATE_METHOD_MATCH = YES;
				COPY_PHASE_STRIP = NO;
				DEBUG_INFORMATION_FORMAT = dwarf;
				ENABLE_STRICT_OBJC_MSGSEND = YES;
				ENABLE_TESTABILITY = YES;
				ENABLE_USER_SCRIPT_SANDBOXING = YES;
				GCC_C_LANGUAGE_STANDARD = gnu17;
				GCC_DYNAMIC_NO_PIC = NO;
				GCC_NO_COMMON_BLOCKS = YES;
				GCC_OPTIMIZATION_LEVEL = 0;
				GCC_PREPROCESSOR_DEFINITIONS = (
					"DEBUG=1",
					"$(inherited)",
				);
				GCC_WARN_64_TO_32_BIT_CONVERSION = YES;
				GCC_WARN_ABOUT_RETURN_TYPE = YES_ERROR;
				GCC_WARN_UNDECLARED_SELECTOR = YES;
				GCC_WARN_UNINITIALIZED_AUTOS = YES_AGGRESSIVE;
				GCC_WARN_UNUSED_FUNCTION = YES;
				GCC_WARN_UNUSED_VARIABLE = YES;
				LOCALIZATION_PREFERS_STRING_CATALOGS = YES;
				MACOSX_DEPLOYMENT_TARGET = 15.5;
				MTL_ENABLE_DEBUG_INFO = INCLUDE_SOURCE;
				MTL_FAST_MATH = YES;
				ONLY_ACTIVE_ARCH = YES;
				SDKROOT = macosx;
				SWIFT_ACTIVE_COMPILATION_CONDITIONS = "DEBUG $(inherited)";
				SWIFT_OPTIMIZATION_LEVEL = "-Onone";
			};
			name = Debug;
		};
		F49871672E7635F5004C920B /* Release */ = {
			isa = XCBuildConfiguration;
			buildSettings = {
				ALWAYS_SEARCH_USER_PATHS = NO;
				ASSETCATALOG_COMPILER_GENERATE_SWIFT_ASSET_SYMBOL_EXTENSIONS = YES;
				CLANG_ANALYZER_NONNULL = YES;
				CLANG_ANALYZER_NUMBER_OBJECT_CONVERSION = YES_AGGRESSIVE;
				CLANG_CXX_LANGUAGE_STANDARD = "gnu++20";
				CLANG_ENABLE_MODULES = YES;
				CLANG_ENABLE_OBJC_ARC = YES;
				CLANG_ENABLE_OBJC_WEAK = YES;
				CLANG_WARN_BLOCK_CAPTURE_AUTORELEASING = YES;
				CLANG_WARN_BOOL_CONVERSION = YES;
				CLANG_WARN_COMMA = YES;
				CLANG_WARN_CONSTANT_CONVERSION = YES;
				CLANG_WARN_DEPRECATED_OBJC_IMPLEMENTATIONS = YES;
				CLANG_WARN_DIRECT_OBJC_ISA_USAGE = YES_ERROR;
				CLANG_WARN_DOCUMENTATION_COMMENTS = YES;
				CLANG_WARN_EMPTY_BODY = YES;
				CLANG_WARN_ENUM_CONVERSION = YES;
				CLANG_WARN_INFINITE_RECURSION = YES;
				CLANG_WARN_INT_CONVERSION = YES;
				CLANG_WARN_NON_LITERAL_NULL_CONVERSION = YES;
				CLANG_WARN_OBJC_IMPLICIT_RETAIN_SELF = YES;
				CLANG_WARN_OBJC_LITERAL_CONVERSION = YES;
				CLANG_WARN_OBJC_ROOT_CLASS = YES_ERROR;
				CLANG_WARN_QUOTED_INCLUDE_IN_FRAMEWORK_HEADER = YES;
				CLANG_WARN_RANGE_LOOP_ANALYSIS = YES;
				CLANG_WARN_STRICT_PROTOTYPES = YES;
				CLANG_WARN_SUSPICIOUS_MOVE = YES;
				CLANG_WARN_UNGUARDED_AVAILABILITY = YES_AGGRESSIVE;
				CLANG_WARN_UNREACHABLE_CODE = YES;
				CLANG_WARN__DUPLICATE_METHOD_MATCH = YES;
				COPY_PHASE_STRIP = NO;
				DEBUG_INFORMATION_FORMAT = "dwarf-with-dsym";
				ENABLE_NS_ASSERTIONS = NO;
				ENABLE_STRICT_OBJC_MSGSEND = YES;
				ENABLE_USER_SCRIPT_SANDBOXING = YES;
				GCC_C_LANGUAGE_STANDARD = gnu17;
				GCC_NO_COMMON_BLOCKS = YES;
				GCC_WARN_64_TO_32_BIT_CONVERSION = YES;
				GCC_WARN_ABOUT_RETURN_TYPE = YES_ERROR;
				GCC_WARN_UNDECLARED_SELECTOR = YES;
				GCC_WARN_UNINITIALIZED_AUTOS = YES_AGGRESSIVE;
				GCC_WARN_UNUSED_FUNCTION = YES;
				GCC_WARN_UNUSED_VARIABLE = YES;
				LOCALIZATION_PREFERS_STRING_CATALOGS = YES;
				MACOSX_DEPLOYMENT_TARGET = 15.5;
				MTL_ENABLE_DEBUG_INFO = NO;
				MTL_FAST_MATH = YES;
				SDKROOT = macosx;
				SWIFT_COMPILATION_MODE = wholemodule;
			};
			name = Release;
		};
		F49871692E7635F5004C920B /* Debug */ = {
			isa = XCBuildConfiguration;
			buildSettings = {
				ASSETCATALOG_COMPILER_APPICON_NAME = AppIcon;
				ASSETCATALOG_COMPILER_GLOBAL_ACCENT_COLOR_NAME = AccentColor;
				CODE_SIGN_ENTITLEMENTS = SBLakersClone01/SBLakersClone01.entitlements;
				CODE_SIGN_STYLE = Automatic;
				COMBINE_HIDPI_IMAGES = YES;
				CURRENT_PROJECT_VERSION = 1;
				ENABLE_PREVIEWS = YES;
				GENERATE_INFOPLIST_FILE = YES;
				INFOPLIST_KEY_NSHumanReadableCopyright = "";
				LD_RUNPATH_SEARCH_PATHS = (
					"$(inherited)",
					"@executable_path/../Frameworks",
				);
				MACOSX_DEPLOYMENT_TARGET = 14.0;
				MARKETING_VERSION = 1.0;
				PRODUCT_BUNDLE_IDENTIFIER = com.skipandnate.SBLakersClone01;
				PRODUCT_NAME = "$(TARGET_NAME)";
				REGISTER_APP_GROUPS = YES;
				SWIFT_EMIT_LOC_STRINGS = YES;
				SWIFT_VERSION = 5.0;
			};
			name = Debug;
		};
		F498716A2E7635F5004C920B /* Release */ = {
			isa = XCBuildConfiguration;
			buildSettings = {
				ASSETCATALOG_COMPILER_APPICON_NAME = AppIcon;
				ASSETCATALOG_COMPILER_GLOBAL_ACCENT_COLOR_NAME = AccentColor;
				CODE_SIGN_ENTITLEMENTS = SBLakersClone01/SBLakersClone01.entitlements;
				CODE_SIGN_STYLE = Automatic;
				COMBINE_HIDPI_IMAGES = YES;
				CURRENT_PROJECT_VERSION = 1;
				ENABLE_PREVIEWS = YES;
				GENERATE_INFOPLIST_FILE = YES;
				INFOPLIST_KEY_NSHumanReadableCopyright = "";
				LD_RUNPATH_SEARCH_PATHS = (
					"$(inherited)",
					"@executable_path/../Frameworks",
				);
				MACOSX_DEPLOYMENT_TARGET = 14.0;
				MARKETING_VERSION = 1.0;
				PRODUCT_BUNDLE_IDENTIFIER = com.skipandnate.SBLakersClone01;
				PRODUCT_NAME = "$(TARGET_NAME)";
				REGISTER_APP_GROUPS = YES;
				SWIFT_EMIT_LOC_STRINGS = YES;
				SWIFT_VERSION = 5.0;
			};
			name = Release;
		};
		F498716C2E7635F5004C920B /* Debug */ = {
			isa = XCBuildConfiguration;
			buildSettings = {
				BUNDLE_LOADER = "$(TEST_HOST)";
				CODE_SIGN_STYLE = Automatic;
				CURRENT_PROJECT_VERSION = 1;
				GENERATE_INFOPLIST_FILE = YES;
				MACOSX_DEPLOYMENT_TARGET = 14.0;
				MARKETING_VERSION = 1.0;
				PRODUCT_BUNDLE_IDENTIFIER = com.skipandnate.SBLakersClone01Tests;
				PRODUCT_NAME = "$(TARGET_NAME)";
				SWIFT_EMIT_LOC_STRINGS = NO;
				SWIFT_VERSION = 5.0;
				TEST_HOST = "$(BUILT_PRODUCTS_DIR)/SBLakersClone01.app/$(BUNDLE_EXECUTABLE_FOLDER_PATH)/SBLakersClone01";
			};
			name = Debug;
		};
		F498716D2E7635F5004C920B /* Release */ = {
			isa = XCBuildConfiguration;
			buildSettings = {
				BUNDLE_LOADER = "$(TEST_HOST)";
				CODE_SIGN_STYLE = Automatic;
				CURRENT_PROJECT_VERSION = 1;
				GENERATE_INFOPLIST_FILE = YES;
				MACOSX_DEPLOYMENT_TARGET = 14.0;
				MARKETING_VERSION = 1.0;
				PRODUCT_BUNDLE_IDENTIFIER = com.skipandnate.SBLakersClone01Tests;
				PRODUCT_NAME = "$(TARGET_NAME)";
				SWIFT_EMIT_LOC_STRINGS = NO;
				SWIFT_VERSION = 5.0;
				TEST_HOST = "$(BUILT_PRODUCTS_DIR)/SBLakersClone01.app/$(BUNDLE_EXECUTABLE_FOLDER_PATH)/SBLakersClone01";
			};
			name = Release;
		};
		F498716F2E7635F5004C920B /* Debug */ = {
			isa = XCBuildConfiguration;
			buildSettings = {
				CODE_SIGN_STYLE = Automatic;
				CURRENT_PROJECT_VERSION = 1;
				GENERATE_INFOPLIST_FILE = YES;
				MARKETING_VERSION = 1.0;
				PRODUCT_BUNDLE_IDENTIFIER = com.skipandnate.SBLakersClone01UITests;
				PRODUCT_NAME = "$(TARGET_NAME)";
				SWIFT_EMIT_LOC_STRINGS = NO;
				SWIFT_VERSION = 5.0;
				TEST_TARGET_NAME = SBLakersClone01;
			};
			name = Debug;
		};
		F49871702E7635F5004C920B /* Release */ = {
			isa = XCBuildConfiguration;
			buildSettings = {
				CODE_SIGN_STYLE = Automatic;
				CURRENT_PROJECT_VERSION = 1;
				GENERATE_INFOPLIST_FILE = YES;
				MARKETING_VERSION = 1.0;
				PRODUCT_BUNDLE_IDENTIFIER = com.skipandnate.SBLakersClone01UITests;
				PRODUCT_NAME = "$(TARGET_NAME)";
				SWIFT_EMIT_LOC_STRINGS = NO;
				SWIFT_VERSION = 5.0;
				TEST_TARGET_NAME = SBLakersClone01;
			};
			name = Release;
		};
/* End XCBuildConfiguration section */

/* Begin XCConfigurationList section */
		F498713F2E7635F2004C920B /* Build configuration list for PBXProject "SBLakersClone01" */ = {
			isa = XCConfigurationList;
			buildConfigurations = (
				F49871662E7635F5004C920B /* Debug */,
				F49871672E7635F5004C920B /* Release */,
			);
			defaultConfigurationIsVisible = 0;
			defaultConfigurationName = Release;
		};
		F49871682E7635F5004C920B /* Build configuration list for PBXNativeTarget "SBLakersClone01" */ = {
			isa = XCConfigurationList;
			buildConfigurations = (
				F49871692E7635F5004C920B /* Debug */,
				F498716A2E7635F5004C920B /* Release */,
			);
			defaultConfigurationIsVisible = 0;
			defaultConfigurationName = Release;
		};
		F498716B2E7635F5004C920B /* Build configuration list for PBXNativeTarget "SBLakersClone01Tests" */ = {
			isa = XCConfigurationList;
			buildConfigurations = (
				F498716C2E7635F5004C920B /* Debug */,
				F498716D2E7635F5004C920B /* Release */,
			);
			defaultConfigurationIsVisible = 0;
			defaultConfigurationName = Release;
		};
		F498716E2E7635F5004C920B /* Build configuration list for PBXNativeTarget "SBLakersClone01UITests" */ = {
			isa = XCConfigurationList;
			buildConfigurations = (
				F498716F2E7635F5004C920B /* Debug */,
				F49871702E7635F5004C920B /* Release */,
			);
			defaultConfigurationIsVisible = 0;
			defaultConfigurationName = Release;
		};
/* End XCConfigurationList section */
	};
	rootObject = F498713C2E7635F2004C920B /* Project object */;
}
